{
  "nodes": {
    "artwork": {
      "flake": false,
      "locked": {
        "lastModified": 1722360302,
        "narHash": "sha256-T4DiklErb81XlTwUTiUeS+U9HvaxyCqoTvNa42hPOQE=",
        "owner": "Red-Flake",
        "repo": "artwork",
        "rev": "c3d5c77db9314184e2404d290fb5b99020c30388",
        "type": "github"
      },
      "original": {
        "owner": "Red-Flake",
        "repo": "artwork",
        "type": "github"
      }
    },
    "chaotic": {
      "inputs": {
        "flake-schemas": "flake-schemas",
        "home-manager": "home-manager",
        "jovian": "jovian",
        "nixpkgs": "nixpkgs"
      },
      "locked": {
        "lastModified": 1732375074,
        "narHash": "sha256-6STmeZHQgpF1Vk5Mxx0uSyLJ+VUWPN6pGwZ5MkYLP1E=",
        "owner": "chaotic-cx",
        "repo": "nyx",
        "rev": "6c01aae6edaab609dc557da16e2034b6856b3e69",
        "type": "github"
      },
      "original": {
        "owner": "chaotic-cx",
        "ref": "nyxpkgs-unstable",
        "repo": "nyx",
        "type": "github"
      }
    },
    "darkmatter-grub-theme": {
      "inputs": {
        "flake-compat": "flake-compat",
        "nixpkgs": [
          "nixpkgs"
        ]
      },
      "locked": {
        "lastModified": 1683347392,
        "narHash": "sha256-snW+8pJvBQ1B11FmUf6kSgARZW5OvW9uXgxA2VrlzcQ=",
        "owner": "VandalByte",
        "repo": "darkmatter-grub-theme",
        "rev": "efe1abbde0aa9410217247d415ff734583af9711",
        "type": "gitlab"
      },
      "original": {
        "owner": "VandalByte",
        "repo": "darkmatter-grub-theme",
        "type": "gitlab"
      }
    },
    "flake-compat": {
      "flake": false,
      "locked": {
        "lastModified": 1673956053,
        "narHash": "sha256-4gtG9iQuiKITOjNQQeQIpoIB6b16fm+504Ch3sNKLd8=",
        "owner": "edolstra",
        "repo": "flake-compat",
        "rev": "35bb57c0c8d8b62bbfd284272c928ceb64ddbde9",
        "type": "github"
      },
      "original": {
        "owner": "edolstra",
        "repo": "flake-compat",
        "type": "github"
      }
    },
    "flake-compat_2": {
      "locked": {
        "lastModified": 1696426674,
        "narHash": "sha256-kvjfFW7WAETZlt09AgDn1MrtKzP7t90Vf7vypd3OL1U=",
        "owner": "edolstra",
        "repo": "flake-compat",
        "rev": "0f9255e01c2351cc7d116c072cb317785dd33b33",
        "type": "github"
      },
      "original": {
        "owner": "edolstra",
        "repo": "flake-compat",
        "type": "github"
      }
    },
    "flake-parts": {
      "inputs": {
        "nixpkgs-lib": [
          "nixpkgs"
        ]
      },
      "locked": {
        "lastModified": 1730504689,
        "narHash": "sha256-hgmguH29K2fvs9szpq2r3pz2/8cJd2LPS+b4tfNFCwE=",
        "owner": "hercules-ci",
        "repo": "flake-parts",
        "rev": "506278e768c2a08bec68eb62932193e341f55c90",
        "type": "github"
      },
      "original": {
        "owner": "hercules-ci",
        "repo": "flake-parts",
        "type": "github"
      }
    },
    "flake-schemas": {
      "locked": {
        "lastModified": 1721999734,
        "narHash": "sha256-G5CxYeJVm4lcEtaO87LKzOsVnWeTcHGKbKxNamNWgOw=",
        "rev": "0a5c42297d870156d9c57d8f99e476b738dcd982",
        "revCount": 75,
        "type": "tarball",
        "url": "https://api.flakehub.com/f/pinned/DeterminateSystems/flake-schemas/0.1.5/0190ef2f-61e0-794b-ba14-e82f225e55e6/source.tar.gz"
      },
      "original": {
        "type": "tarball",
        "url": "https://flakehub.com/f/DeterminateSystems/flake-schemas/%3D0.1.5.tar.gz"
      }
    },
    "flake-utils": {
      "inputs": {
        "systems": "systems"
      },
      "locked": {
        "lastModified": 1731533236,
        "narHash": "sha256-l0KFg5HjrsfsO/JpG+r7fRrqm12kzFHyUHqHCVpMMbI=",
        "owner": "numtide",
        "repo": "flake-utils",
        "rev": "11707dc2f618dd54ca8739b309ec4fc024de578b",
        "type": "github"
      },
      "original": {
        "owner": "numtide",
        "repo": "flake-utils",
        "type": "github"
      }
    },
    "flake-utils_2": {
      "inputs": {
        "systems": "systems_2"
      },
      "locked": {
        "lastModified": 1726560853,
        "narHash": "sha256-X6rJYSESBVr3hBoH0WbKE5KvhPU5bloyZ2L4K60/fPQ=",
        "owner": "numtide",
        "repo": "flake-utils",
        "rev": "c1dfcf08411b08f6b8615f7d8971a2bfa81d5e8a",
        "type": "github"
      },
      "original": {
        "owner": "numtide",
        "repo": "flake-utils",
        "type": "github"
      }
    },
    "flake-utils_3": {
      "inputs": {
        "systems": "systems_3"
      },
      "locked": {
        "lastModified": 1726560853,
        "narHash": "sha256-X6rJYSESBVr3hBoH0WbKE5KvhPU5bloyZ2L4K60/fPQ=",
        "owner": "numtide",
        "repo": "flake-utils",
        "rev": "c1dfcf08411b08f6b8615f7d8971a2bfa81d5e8a",
        "type": "github"
      },
      "original": {
        "owner": "numtide",
        "repo": "flake-utils",
        "type": "github"
      }
    },
    "gitignore": {
      "inputs": {
        "nixpkgs": [
          "pre-commit-hooks",
          "nixpkgs"
        ]
      },
      "locked": {
        "lastModified": 1709087332,
        "narHash": "sha256-HG2cCnktfHsKV0s4XW83gU3F57gaTljL9KNSuG6bnQs=",
        "owner": "hercules-ci",
        "repo": "gitignore.nix",
        "rev": "637db329424fd7e46cf4185293b9cc8c88c95394",
        "type": "github"
      },
      "original": {
        "owner": "hercules-ci",
        "repo": "gitignore.nix",
        "type": "github"
      }
    },
    "home-manager": {
      "inputs": {
        "nixpkgs": [
          "chaotic",
          "nixpkgs"
        ]
      },
      "locked": {
        "lastModified": 1732025103,
        "narHash": "sha256-qjEI64RKvDxRyEarY0jTzrZMa8ebezh2DEZmJJrpVdo=",
        "owner": "nix-community",
        "repo": "home-manager",
        "rev": "a46e702093a5c46e192243edbd977d5749e7f294",
        "type": "github"
      },
      "original": {
        "owner": "nix-community",
        "repo": "home-manager",
        "type": "github"
      }
    },
    "home-manager_2": {
      "inputs": {
        "nixpkgs": [
          "nixpkgs"
        ]
      },
      "locked": {
        "lastModified": 1732397793,
        "narHash": "sha256-2jaf/zkug22hzlldm1PKdKJLVKgdjVXbf47SF+5mroU=",
        "owner": "nix-community",
        "repo": "home-manager",
        "rev": "92fef254a9071fa41a13908281284e6a62b9c92e",
        "type": "github"
      },
      "original": {
        "owner": "nix-community",
        "repo": "home-manager",
        "type": "github"
      }
    },
    "impermanence": {
      "locked": {
        "lastModified": 1731242966,
        "narHash": "sha256-B3C3JLbGw0FtLSWCjBxU961gLNv+BOOBC6WvstKLYMw=",
        "owner": "nix-community",
        "repo": "impermanence",
        "rev": "3ed3f0eaae9fcc0a8331e77e9319c8a4abd8a71a",
        "type": "github"
      },
      "original": {
        "owner": "nix-community",
        "repo": "impermanence",
        "type": "github"
      }
    },
    "jovian": {
      "inputs": {
        "nix-github-actions": "nix-github-actions",
        "nixpkgs": [
          "chaotic",
          "nixpkgs"
        ]
      },
      "locked": {
        "lastModified": 1732032028,
        "narHash": "sha256-NjyfJQQxs/a2a/KwTmXM44K7XjeJwGsf4YFtebueQzo=",
        "owner": "Jovian-Experiments",
        "repo": "Jovian-NixOS",
        "rev": "65dc04371cf914c9af4f073638821e4787303005",
        "type": "github"
      },
      "original": {
        "owner": "Jovian-Experiments",
        "repo": "Jovian-NixOS",
        "type": "github"
      }
    },
    "nix-alien": {
      "inputs": {
        "flake-compat": "flake-compat_2",
        "flake-utils": "flake-utils",
        "nix-filter": "nix-filter",
        "nix-index-database": "nix-index-database",
        "nixpkgs": "nixpkgs_2"
      },
      "locked": {
        "lastModified": 1731668526,
        "narHash": "sha256-ZszfGYOrwol3MGFpttahldT+UOfqXckk6XwZrUyHLxE=",
        "owner": "thiagokokada",
        "repo": "nix-alien",
        "rev": "97fe58a8ac15663b1ecdebd84d2187eb71f8532d",
        "type": "github"
      },
      "original": {
        "owner": "thiagokokada",
        "repo": "nix-alien",
        "type": "github"
      }
    },
    "nix-binary-ninja": {
      "inputs": {
        "flake-utils": "flake-utils_2",
        "nixpkgs": "nixpkgs_3"
      },
      "locked": {
        "lastModified": 1732196280,
        "narHash": "sha256-zjpHvvevVsq30FZ6Lz2K5v7h3GR64NffFd3wYcszpuk=",
        "owner": "jchv",
        "repo": "nix-binary-ninja",
        "rev": "a99294c75bdfe7968eda5d3f1b39159ace3db46c",
        "type": "github"
      },
      "original": {
        "owner": "jchv",
        "repo": "nix-binary-ninja",
        "type": "github"
      }
    },
    "nix-filter": {
      "locked": {
        "lastModified": 1731533336,
        "narHash": "sha256-oRam5PS1vcrr5UPgALW0eo1m/5/pls27Z/pabHNy2Ms=",
        "owner": "numtide",
        "repo": "nix-filter",
        "rev": "f7653272fd234696ae94229839a99b73c9ab7de0",
        "type": "github"
      },
      "original": {
        "owner": "numtide",
        "repo": "nix-filter",
        "type": "github"
      }
    },
    "nix-github-actions": {
      "inputs": {
        "nixpkgs": [
          "chaotic",
          "jovian",
          "nixpkgs"
        ]
      },
      "locked": {
        "lastModified": 1729697500,
        "narHash": "sha256-VFTWrbzDlZyFHHb1AlKRiD/qqCJIripXKiCSFS8fAOY=",
        "owner": "zhaofengli",
        "repo": "nix-github-actions",
        "rev": "e418aeb728b6aa5ca8c5c71974e7159c2df1d8cf",
        "type": "github"
      },
      "original": {
        "owner": "zhaofengli",
        "ref": "matrix-name",
        "repo": "nix-github-actions",
        "type": "github"
      }
    },
    "nix-github-actions_2": {
      "inputs": {
        "nixpkgs": [
          "poetry2nix",
          "nixpkgs"
        ]
      },
      "locked": {
        "lastModified": 1729742964,
        "narHash": "sha256-B4mzTcQ0FZHdpeWcpDYPERtyjJd/NIuaQ9+BV1h+MpA=",
        "owner": "nix-community",
        "repo": "nix-github-actions",
        "rev": "e04df33f62cdcf93d73e9a04142464753a16db67",
        "type": "github"
      },
      "original": {
        "owner": "nix-community",
        "repo": "nix-github-actions",
        "type": "github"
      }
    },
    "nix-index-database": {
      "inputs": {
        "nixpkgs": [
          "nix-alien",
          "nixpkgs"
        ]
      },
      "locked": {
        "lastModified": 1731593150,
        "narHash": "sha256-FvksinoI2Y6kuwH+cKBu1oDA8uPGfoRqgtQV6O8GDc4=",
        "owner": "nix-community",
        "repo": "nix-index-database",
        "rev": "40d882b55e89add1ded379cc99edaab24983d6d9",
        "type": "github"
      },
      "original": {
        "owner": "nix-community",
        "repo": "nix-index-database",
        "type": "github"
      }
    },
    "nix-index-database_2": {
      "inputs": {
        "nixpkgs": [
          "nixpkgs"
        ]
      },
      "locked": {
        "lastModified": 1731814505,
        "narHash": "sha256-l9ryrx1Twh08a+gxrMGM9O/aZKEimZfa6sZVyPCImgI=",
        "owner": "nix-community",
        "repo": "nix-index-database",
        "rev": "bdba246946fb079b87b4cada4df9b1cdf1c06132",
        "type": "github"
      },
      "original": {
        "owner": "nix-community",
        "repo": "nix-index-database",
        "type": "github"
      }
    },
    "nixos-hardware": {
      "locked": {
        "lastModified": 1731797098,
        "narHash": "sha256-UhWmEZhwJZmVZ1jfHZFzCg+ZLO9Tb/v3Y6LC0UNyeTo=",
        "owner": "NixOS",
        "repo": "nixos-hardware",
        "rev": "672ac2ac86f7dff2f6f3406405bddecf960e0db6",
        "type": "github"
      },
      "original": {
        "owner": "NixOS",
        "ref": "master",
        "repo": "nixos-hardware",
        "type": "github"
      }
    },
    "nixpkgs": {
      "locked": {
        "lastModified": 1732014248,
        "narHash": "sha256-y/MEyuJ5oBWrWAic/14LaIr/u5E0wRVzyYsouYY3W6w=",
        "owner": "NixOS",
        "repo": "nixpkgs",
        "rev": "23e89b7da85c3640bbc2173fe04f4bd114342367",
        "type": "github"
      },
      "original": {
        "owner": "NixOS",
        "ref": "nixos-unstable",
        "repo": "nixpkgs",
        "type": "github"
      }
    },
    "nixpkgs_2": {
      "locked": {
        "lastModified": 1731319897,
        "narHash": "sha256-PbABj4tnbWFMfBp6OcUK5iGy1QY+/Z96ZcLpooIbuEI=",
        "owner": "NixOS",
        "repo": "nixpkgs",
        "rev": "dc460ec76cbff0e66e269457d7b728432263166c",
        "type": "github"
      },
      "original": {
        "owner": "NixOS",
        "ref": "nixos-unstable",
        "repo": "nixpkgs",
        "type": "github"
      }
    },
    "nixpkgs_3": {
      "locked": {
        "lastModified": 1730641204,
        "narHash": "sha256-HzxixPQwhUFnGgv9ddEd9sv9JZm6JtS7Um0k/PScDEM=",
        "owner": "nixos",
        "repo": "nixpkgs",
        "rev": "85d1ce17545959888825b61cae1a1a7e0841fce8",
        "type": "github"
      },
      "original": {
        "owner": "nixos",
        "repo": "nixpkgs",
        "type": "github"
      }
    },
    "nixpkgs_4": {
      "locked": {
        "lastModified": 1732014248,
        "narHash": "sha256-y/MEyuJ5oBWrWAic/14LaIr/u5E0wRVzyYsouYY3W6w=",
        "owner": "nixos",
        "repo": "nixpkgs",
        "rev": "23e89b7da85c3640bbc2173fe04f4bd114342367",
        "type": "github"
      },
      "original": {
        "owner": "nixos",
        "ref": "nixos-unstable",
        "repo": "nixpkgs",
        "type": "github"
      }
    },
    "nixpkgs_5": {
      "locked": {
        "lastModified": 1730157240,
        "narHash": "sha256-P8wF4ag6Srmpb/gwskYpnIsnspbjZlRvu47iN527ABQ=",
        "owner": "NixOS",
        "repo": "nixpkgs",
        "rev": "75e28c029ef2605f9841e0baa335d70065fe7ae2",
        "type": "github"
      },
      "original": {
        "owner": "NixOS",
        "ref": "nixos-unstable-small",
        "repo": "nixpkgs",
        "type": "github"
      }
    },
    "nur": {
      "locked": {
        "lastModified": 1732398387,
        "narHash": "sha256-QYeXbTMAdisNl7AgeTbtDR7aeDSR5E4C/oRenQqdM+8=",
        "owner": "nix-community",
        "repo": "NUR",
        "rev": "75c995f1d4e1297e4ffd45a20bf71440bbc7aa3e",
        "type": "github"
      },
      "original": {
        "owner": "nix-community",
        "repo": "NUR",
        "type": "github"
      }
    },
    "plasma-manager": {
      "inputs": {
        "home-manager": [
          "home-manager"
        ],
        "nixpkgs": [
          "nixpkgs"
        ]
      },
      "locked": {
        "lastModified": 1731193165,
        "narHash": "sha256-pGF8L5g9QpkQtJP9JmNIRNZfcyhJHf7uT+d8tqI1h6Y=",
        "owner": "pjones",
        "repo": "plasma-manager",
        "rev": "f33173b9d22e554a6f869626bc01808d35995257",
        "type": "github"
      },
      "original": {
        "owner": "pjones",
        "repo": "plasma-manager",
        "type": "github"
      }
    },
    "poetry2nix": {
      "inputs": {
        "flake-utils": "flake-utils_3",
        "nix-github-actions": "nix-github-actions_2",
        "nixpkgs": "nixpkgs_5",
        "systems": "systems_4",
        "treefmt-nix": "treefmt-nix"
      },
      "locked": {
        "lastModified": 1731205797,
        "narHash": "sha256-F7N1mxH1VrkVNHR3JGNMRvp9+98KYO4b832KS8Gl2xI=",
        "owner": "nix-community",
        "repo": "poetry2nix",
        "rev": "f554d27c1544d9c56e5f1f8e2b8aff399803674e",
        "type": "github"
      },
      "original": {
        "owner": "nix-community",
        "repo": "poetry2nix",
        "type": "github"
      }
    },
    "pre-commit-hooks": {
      "inputs": {
        "flake-compat": [
          "nixpkgs"
        ],
        "gitignore": "gitignore",
        "nixpkgs": [
          "nixpkgs"
        ],
        "nixpkgs-stable": [
          "nixpkgs"
        ]
      },
      "locked": {
        "lastModified": 1732021966,
        "narHash": "sha256-mnTbjpdqF0luOkou8ZFi2asa1N3AA2CchR/RqCNmsGE=",
        "owner": "cachix",
        "repo": "pre-commit-hooks.nix",
        "rev": "3308484d1a443fc5bc92012435d79e80458fe43c",
        "type": "github"
      },
      "original": {
        "owner": "cachix",
        "repo": "pre-commit-hooks.nix",
        "type": "github"
      }
    },
    "root": {
      "inputs": {
        "artwork": "artwork",
        "chaotic": "chaotic",
        "darkmatter-grub-theme": "darkmatter-grub-theme",
        "flake-parts": "flake-parts",
        "home-manager": "home-manager_2",
        "impermanence": "impermanence",
        "nix-alien": "nix-alien",
        "nix-binary-ninja": "nix-binary-ninja",
        "nix-index-database": "nix-index-database_2",
        "nixos-hardware": "nixos-hardware",
        "nixpkgs": "nixpkgs_4",
        "nur": "nur",
        "plasma-manager": "plasma-manager",
        "poetry2nix": "poetry2nix",
        "pre-commit-hooks": "pre-commit-hooks",
        "tools": "tools",
        "webshells": "webshells"
      }
    },
    "systems": {
      "locked": {
        "lastModified": 1681028828,
        "narHash": "sha256-Vy1rq5AaRuLzOxct8nz4T6wlgyUR7zLU309k9mBC768=",
        "owner": "nix-systems",
        "repo": "default",
        "rev": "da67096a3b9bf56a91d16901293e51ba5b49a27e",
        "type": "github"
      },
      "original": {
        "owner": "nix-systems",
        "repo": "default",
        "type": "github"
      }
    },
    "systems_2": {
      "locked": {
        "lastModified": 1681028828,
        "narHash": "sha256-Vy1rq5AaRuLzOxct8nz4T6wlgyUR7zLU309k9mBC768=",
        "owner": "nix-systems",
        "repo": "default",
        "rev": "da67096a3b9bf56a91d16901293e51ba5b49a27e",
        "type": "github"
      },
      "original": {
        "owner": "nix-systems",
        "repo": "default",
        "type": "github"
      }
    },
    "systems_3": {
      "locked": {
        "lastModified": 1681028828,
        "narHash": "sha256-Vy1rq5AaRuLzOxct8nz4T6wlgyUR7zLU309k9mBC768=",
        "owner": "nix-systems",
        "repo": "default",
        "rev": "da67096a3b9bf56a91d16901293e51ba5b49a27e",
        "type": "github"
      },
      "original": {
        "owner": "nix-systems",
        "repo": "default",
        "type": "github"
      }
    },
    "systems_4": {
      "locked": {
        "lastModified": 1681028828,
        "narHash": "sha256-Vy1rq5AaRuLzOxct8nz4T6wlgyUR7zLU309k9mBC768=",
        "owner": "nix-systems",
        "repo": "default",
        "rev": "da67096a3b9bf56a91d16901293e51ba5b49a27e",
        "type": "github"
      },
      "original": {
        "id": "systems",
        "type": "indirect"
      }
    },
    "tools": {
      "flake": false,
      "locked": {
        "lastModified": 1732399112,
        "narHash": "sha256-HLGGtOPSZg4/EA35hluPsxdfl4D0Xswe2FP9z3Pvq9E=",
        "owner": "Red-Flake",
        "repo": "tools",
        "rev": "9f08feee5074f877906eeb6222698fb142981871",
        "type": "github"
      },
      "original": {
        "owner": "Red-Flake",
        "repo": "tools",
        "type": "github"
      }
    },
    "treefmt-nix": {
      "inputs": {
        "nixpkgs": [
          "poetry2nix",
          "nixpkgs"
        ]
      },
      "locked": {
        "lastModified": 1730120726,
        "narHash": "sha256-LqHYIxMrl/1p3/kvm2ir925tZ8DkI0KA10djk8wecSk=",
        "owner": "numtide",
        "repo": "treefmt-nix",
        "rev": "9ef337e492a5555d8e17a51c911ff1f02635be15",
        "type": "github"
      },
      "original": {
        "owner": "numtide",
        "repo": "treefmt-nix",
        "type": "github"
      }
    },
    "webshells": {
      "flake": false,
      "locked": {
        "lastModified": 1720624690,
        "narHash": "sha256-HFQnDjmYryxZ0/NE6JQxEsRuYz8oOnWkw76tCDcjY9U=",
        "owner": "Red-Flake",
        "repo": "webshells",
        "rev": "fd3870f3ed06a05b974b49411d3a108ce2f6027e",
        "type": "github"
      },
      "original": {
        "owner": "Red-Flake",
        "repo": "webshells",
        "type": "github"
      }
    }
  },
  "root": "root",
  "version": 7
}
